
Microsoft Visual Studio Solution File, Format Version 12.00
# Visual Studio Version 16
VisualStudioVersion = 16.0.30002.166
MinimumVisualStudioVersion = 10.0.40219.1
Project("{9A19103F-16F7-4668-BE54-9A1E7A4F7556}") = "NotificationApi", "NotificationApi.csproj", "{5AE06181-D0C6-489C-88EB-6D99A2EE7F5A}"
EndProject
Global
	GlobalSection(SolutionConfigurationPlatforms) = preSolution
		Debug|Any CPU = Debug|Any CPU
		Release|Any CPU = Release|Any CPU
	EndGlobalSection
	GlobalSection(ProjectConfigurationPlatforms) = postSolution
		{5AE06181-D0C6-489C-88EB-6D99A2EE7F5A}.Debug|Any CPU.ActiveCfg = Debug|Any CPU
		{5AE06181-D0C6-489C-88EB-6D99A2EE7F5A}.Debug|Any CPU.Build.0 = Debug|Any CPU
		{5AE06181-D0C6-489C-88EB-6D99A2EE7F5A}.Release|Any CPU.ActiveCfg = Release|Any CPU
		{5AE06181-D0C6-489C-88EB-6D99A2EE7F5A}.Release|Any CPU.Build.0 = Release|Any CPU
	EndGlobalSection
	GlobalSection(SolutionProperties) = preSolution
		HideSolutionNode = FALSE
	EndGlobalSection
	GlobalSection(ExtensibilityGlobals) = postSolution
		SolutionGuid = {5BDDDB7F-EC39-4B54-B84C-1E6F07FE5C48}
	EndGlobalSection
EndGlobal
